// !$*UTF8*$!
{
	archiveVersion = 1;
	classes = {
	};
	objectVersion = 50;
	objects = {

/* Begin PBXBuildFile section */
		C91BDFCD25D095A000BB9F4C /* DrumPadButton.swift in Sources */ = {isa = PBXBuildFile; fileRef = C91BDFCC25D095A000BB9F4C /* DrumPadButton.swift */; };
		C93CA1AB25DB658C00EF2B07 /* SettingsBrain.swift in Sources */ = {isa = PBXBuildFile; fileRef = C93CA1AA25DB658C00EF2B07 /* SettingsBrain.swift */; };
		C9516F5F259E765E0060C4B8 /* AppDelegate.swift in Sources */ = {isa = PBXBuildFile; fileRef = C9516F5E259E765E0060C4B8 /* AppDelegate.swift */; };
		C9516F63259E765E0060C4B8 /* Detroit909ViewController.swift in Sources */ = {isa = PBXBuildFile; fileRef = C9516F62259E765E0060C4B8 /* Detroit909ViewController.swift */; };
		C9516F66259E765E0060C4B8 /* Main.storyboard in Resources */ = {isa = PBXBuildFile; fileRef = C9516F64259E765E0060C4B8 /* Main.storyboard */; };
		C9516F68259E766B0060C4B8 /* Assets.xcassets in Resources */ = {isa = PBXBuildFile; fileRef = C9516F67259E766B0060C4B8 /* Assets.xcassets */; };
		C9516F6B259E766B0060C4B8 /* LaunchScreen.storyboard in Resources */ = {isa = PBXBuildFile; fileRef = C9516F69259E766B0060C4B8 /* LaunchScreen.storyboard */; };
		C9516F76259E766B0060C4B8 /* Detroit_909Tests.swift in Sources */ = {isa = PBXBuildFile; fileRef = C9516F75259E766B0060C4B8 /* Detroit_909Tests.swift */; };
		C9516F81259E766B0060C4B8 /* Detroit_909UITests.swift in Sources */ = {isa = PBXBuildFile; fileRef = C9516F80259E766B0060C4B8 /* Detroit_909UITests.swift */; };
		C956FF6225DB3D9D001E273A /* SettingsTableViewCell.swift in Sources */ = {isa = PBXBuildFile; fileRef = C956FF6025DB3D9D001E273A /* SettingsTableViewCell.swift */; };
		C956FF6325DB3D9D001E273A /* SettingsTableViewCell.xib in Resources */ = {isa = PBXBuildFile; fileRef = C956FF6125DB3D9D001E273A /* SettingsTableViewCell.xib */; };
		C95BBA9F25EBED3300F2665D /* ShoutOutsViewController.swift in Sources */ = {isa = PBXBuildFile; fileRef = C95BBA9E25EBED3300F2665D /* ShoutOutsViewController.swift */; };
		C95BBAA325EBF49000F2665D /* ShoutOutsTableViewCell.swift in Sources */ = {isa = PBXBuildFile; fileRef = C95BBAA125EBF49000F2665D /* ShoutOutsTableViewCell.swift */; };
		C95BBAA925EC1B1A00F2665D /* ShoutOutsBrain.swift in Sources */ = {isa = PBXBuildFile; fileRef = C95BBAA825EC1B1A00F2665D /* ShoutOutsBrain.swift */; };
		C95BBAAB25EC1B3600F2665D /* ShoutOuts.swift in Sources */ = {isa = PBXBuildFile; fileRef = C95BBAAA25EC1B3600F2665D /* ShoutOuts.swift */; };
		C96571BF25D2FB5700C1B0A3 /* DrumPadSound.swift in Sources */ = {isa = PBXBuildFile; fileRef = C96571BE25D2FB5700C1B0A3 /* DrumPadSound.swift */; };
		C97C832D25E17081006D1AAF /* LOW TOM.wav in Resources */ = {isa = PBXBuildFile; fileRef = C97C832225E17080006D1AAF /* LOW TOM.wav */; };
		C97C832E25E17081006D1AAF /* RIM.wav in Resources */ = {isa = PBXBuildFile; fileRef = C97C832325E17080006D1AAF /* RIM.wav */; };
		C97C832F25E17081006D1AAF /* MID TOM.wav in Resources */ = {isa = PBXBuildFile; fileRef = C97C832425E17080006D1AAF /* MID TOM.wav */; };
		C97C833025E17081006D1AAF /* RIDE.wav in Resources */ = {isa = PBXBuildFile; fileRef = C97C832525E17080006D1AAF /* RIDE.wav */; };
		C97C833125E17081006D1AAF /* OPEN HAT.wav in Resources */ = {isa = PBXBuildFile; fileRef = C97C832625E17080006D1AAF /* OPEN HAT.wav */; };
		C97C833225E17081006D1AAF /* SNARE DRUM.wav in Resources */ = {isa = PBXBuildFile; fileRef = C97C832725E17080006D1AAF /* SNARE DRUM.wav */; };
		C97C833325E17081006D1AAF /* CLAP.wav in Resources */ = {isa = PBXBuildFile; fileRef = C97C832825E17080006D1AAF /* CLAP.wav */; };
		C97C833425E17081006D1AAF /* CLOSED HAT.wav in Resources */ = {isa = PBXBuildFile; fileRef = C97C832925E17080006D1AAF /* CLOSED HAT.wav */; };
		C97C833525E17081006D1AAF /* BASS DRUM.wav in Resources */ = {isa = PBXBuildFile; fileRef = C97C832A25E17080006D1AAF /* BASS DRUM.wav */; };
		C97C833625E17081006D1AAF /* CRASH.wav in Resources */ = {isa = PBXBuildFile; fileRef = C97C832B25E17080006D1AAF /* CRASH.wav */; };
		C97C833725E17081006D1AAF /* HI TOM.wav in Resources */ = {isa = PBXBuildFile; fileRef = C97C832C25E17080006D1AAF /* HI TOM.wav */; };
		C98243C025E02B60009F12F6 /* FAQTableViewCell.swift in Sources */ = {isa = PBXBuildFile; fileRef = C98243BE25E02B60009F12F6 /* FAQTableViewCell.swift */; };
		C98243C125E02B60009F12F6 /* FAQTableViewCell.xib in Resources */ = {isa = PBXBuildFile; fileRef = C98243BF25E02B60009F12F6 /* FAQTableViewCell.xib */; };
		C98243C325E051DC009F12F6 /* FAQ.swift in Sources */ = {isa = PBXBuildFile; fileRef = C98243C225E051DC009F12F6 /* FAQ.swift */; };
		C98243C525E052CA009F12F6 /* FAQBrain.swift in Sources */ = {isa = PBXBuildFile; fileRef = C98243C425E052CA009F12F6 /* FAQBrain.swift */; };
		C98243C925E05C81009F12F6 /* FAQViewController.swift in Sources */ = {isa = PBXBuildFile; fileRef = C98243C825E05C81009F12F6 /* FAQViewController.swift */; };
		C98243CC25E15E1B009F12F6 /* pbio-bold.ttf in Resources */ = {isa = PBXBuildFile; fileRef = C98243CB25E15E1B009F12F6 /* pbio-bold.ttf */; };
		C987FA6E25D707BF004B70DF /* SettingsViewController.swift in Sources */ = {isa = PBXBuildFile; fileRef = C987FA6D25D707BF004B70DF /* SettingsViewController.swift */; };
		C98C12D72615521A00401698 /* BundleExtension.swift in Sources */ = {isa = PBXBuildFile; fileRef = C98C12D62615521A00401698 /* BundleExtension.swift */; };
		C9E78620260C0D82009556A5 /* ShoutOutsTableViewCell.xib in Resources */ = {isa = PBXBuildFile; fileRef = C9E7861E260C0D82009556A5 /* ShoutOutsTableViewCell.xib */; };
		C9EDD53B26018AF400AAD44A /* Coordinator.swift in Sources */ = {isa = PBXBuildFile; fileRef = C9EDD53A26018AF400AAD44A /* Coordinator.swift */; };
		C9EDD54026018BD700AAD44A /* Storyboarded.swift in Sources */ = {isa = PBXBuildFile; fileRef = C9EDD53F26018BD700AAD44A /* Storyboarded.swift */; };
		C9EDD54826018E5900AAD44A /* MainCoordinator.swift in Sources */ = {isa = PBXBuildFile; fileRef = C9EDD54726018E5900AAD44A /* MainCoordinator.swift */; };
/* End PBXBuildFile section */

/* Begin PBXContainerItemProxy section */
		C9516F72259E766B0060C4B8 /* PBXContainerItemProxy */ = {
			isa = PBXContainerItemProxy;
			containerPortal = C9516F53259E765E0060C4B8 /* Project object */;
			proxyType = 1;
			remoteGlobalIDString = C9516F5A259E765E0060C4B8;
			remoteInfo = "Detroit 909";
		};
		C9516F7D259E766B0060C4B8 /* PBXContainerItemProxy */ = {
			isa = PBXContainerItemProxy;
			containerPortal = C9516F53259E765E0060C4B8 /* Project object */;
			proxyType = 1;
			remoteGlobalIDString = C9516F5A259E765E0060C4B8;
			remoteInfo = "Detroit 909";
		};
/* End PBXContainerItemProxy section */

/* Begin PBXFileReference section */
		C91BDFCC25D095A000BB9F4C /* DrumPadButton.swift */ = {isa = PBXFileReference; lastKnownFileType = sourcecode.swift; path = DrumPadButton.swift; sourceTree = "<group>"; };
		C93CA1AA25DB658C00EF2B07 /* SettingsBrain.swift */ = {isa = PBXFileReference; lastKnownFileType = sourcecode.swift; path = SettingsBrain.swift; sourceTree = "<group>"; };
		C9516F5B259E765E0060C4B8 /* Detroit 909.app */ = {isa = PBXFileReference; explicitFileType = wrapper.application; includeInIndex = 0; path = "Detroit 909.app"; sourceTree = BUILT_PRODUCTS_DIR; };
		C9516F5E259E765E0060C4B8 /* AppDelegate.swift */ = {isa = PBXFileReference; lastKnownFileType = sourcecode.swift; path = AppDelegate.swift; sourceTree = "<group>"; };
		C9516F62259E765E0060C4B8 /* Detroit909ViewController.swift */ = {isa = PBXFileReference; lastKnownFileType = sourcecode.swift; path = Detroit909ViewController.swift; sourceTree = "<group>"; };
		C9516F65259E765E0060C4B8 /* Base */ = {isa = PBXFileReference; lastKnownFileType = file.storyboard; name = Base; path = Base.lproj/Main.storyboard; sourceTree = "<group>"; };
		C9516F67259E766B0060C4B8 /* Assets.xcassets */ = {isa = PBXFileReference; lastKnownFileType = folder.assetcatalog; path = Assets.xcassets; sourceTree = "<group>"; };
		C9516F6A259E766B0060C4B8 /* Base */ = {isa = PBXFileReference; lastKnownFileType = file.storyboard; name = Base; path = Base.lproj/LaunchScreen.storyboard; sourceTree = "<group>"; };
		C9516F6C259E766B0060C4B8 /* Info.plist */ = {isa = PBXFileReference; lastKnownFileType = text.plist.xml; path = Info.plist; sourceTree = "<group>"; };
		C9516F71259E766B0060C4B8 /* Detroit 909Tests.xctest */ = {isa = PBXFileReference; explicitFileType = wrapper.cfbundle; includeInIndex = 0; path = "Detroit 909Tests.xctest"; sourceTree = BUILT_PRODUCTS_DIR; };
		C9516F75259E766B0060C4B8 /* Detroit_909Tests.swift */ = {isa = PBXFileReference; lastKnownFileType = sourcecode.swift; path = Detroit_909Tests.swift; sourceTree = "<group>"; };
		C9516F77259E766B0060C4B8 /* Info.plist */ = {isa = PBXFileReference; lastKnownFileType = text.plist.xml; path = Info.plist; sourceTree = "<group>"; };
		C9516F7C259E766B0060C4B8 /* Detroit 909UITests.xctest */ = {isa = PBXFileReference; explicitFileType = wrapper.cfbundle; includeInIndex = 0; path = "Detroit 909UITests.xctest"; sourceTree = BUILT_PRODUCTS_DIR; };
		C9516F80259E766B0060C4B8 /* Detroit_909UITests.swift */ = {isa = PBXFileReference; lastKnownFileType = sourcecode.swift; path = Detroit_909UITests.swift; sourceTree = "<group>"; };
		C9516F82259E766C0060C4B8 /* Info.plist */ = {isa = PBXFileReference; lastKnownFileType = text.plist.xml; path = Info.plist; sourceTree = "<group>"; };
		C956FF6025DB3D9D001E273A /* SettingsTableViewCell.swift */ = {isa = PBXFileReference; lastKnownFileType = sourcecode.swift; path = SettingsTableViewCell.swift; sourceTree = "<group>"; };
		C956FF6125DB3D9D001E273A /* SettingsTableViewCell.xib */ = {isa = PBXFileReference; lastKnownFileType = file.xib; path = SettingsTableViewCell.xib; sourceTree = "<group>"; };
		C95BBA9E25EBED3300F2665D /* ShoutOutsViewController.swift */ = {isa = PBXFileReference; lastKnownFileType = sourcecode.swift; path = ShoutOutsViewController.swift; sourceTree = "<group>"; };
		C95BBAA125EBF49000F2665D /* ShoutOutsTableViewCell.swift */ = {isa = PBXFileReference; lastKnownFileType = sourcecode.swift; path = ShoutOutsTableViewCell.swift; sourceTree = "<group>"; };
		C95BBAA825EC1B1A00F2665D /* ShoutOutsBrain.swift */ = {isa = PBXFileReference; lastKnownFileType = sourcecode.swift; path = ShoutOutsBrain.swift; sourceTree = "<group>"; };
		C95BBAAA25EC1B3600F2665D /* ShoutOuts.swift */ = {isa = PBXFileReference; lastKnownFileType = sourcecode.swift; path = ShoutOuts.swift; sourceTree = "<group>"; };
		C96571BE25D2FB5700C1B0A3 /* DrumPadSound.swift */ = {isa = PBXFileReference; lastKnownFileType = sourcecode.swift; path = DrumPadSound.swift; sourceTree = "<group>"; };
		C97C832225E17080006D1AAF /* LOW TOM.wav */ = {isa = PBXFileReference; lastKnownFileType = audio.wav; path = "LOW TOM.wav"; sourceTree = "<group>"; };
		C97C832325E17080006D1AAF /* RIM.wav */ = {isa = PBXFileReference; lastKnownFileType = audio.wav; path = RIM.wav; sourceTree = "<group>"; };
		C97C832425E17080006D1AAF /* MID TOM.wav */ = {isa = PBXFileReference; lastKnownFileType = audio.wav; path = "MID TOM.wav"; sourceTree = "<group>"; };
		C97C832525E17080006D1AAF /* RIDE.wav */ = {isa = PBXFileReference; lastKnownFileType = audio.wav; path = RIDE.wav; sourceTree = "<group>"; };
		C97C832625E17080006D1AAF /* OPEN HAT.wav */ = {isa = PBXFileReference; lastKnownFileType = audio.wav; path = "OPEN HAT.wav"; sourceTree = "<group>"; };
		C97C832725E17080006D1AAF /* SNARE DRUM.wav */ = {isa = PBXFileReference; lastKnownFileType = audio.wav; path = "SNARE DRUM.wav"; sourceTree = "<group>"; };
		C97C832825E17080006D1AAF /* CLAP.wav */ = {isa = PBXFileReference; lastKnownFileType = audio.wav; path = CLAP.wav; sourceTree = "<group>"; };
		C97C832925E17080006D1AAF /* CLOSED HAT.wav */ = {isa = PBXFileReference; lastKnownFileType = audio.wav; path = "CLOSED HAT.wav"; sourceTree = "<group>"; };
		C97C832A25E17080006D1AAF /* BASS DRUM.wav */ = {isa = PBXFileReference; lastKnownFileType = audio.wav; path = "BASS DRUM.wav"; sourceTree = "<group>"; };
		C97C832B25E17080006D1AAF /* CRASH.wav */ = {isa = PBXFileReference; lastKnownFileType = audio.wav; path = CRASH.wav; sourceTree = "<group>"; };
		C97C832C25E17080006D1AAF /* HI TOM.wav */ = {isa = PBXFileReference; lastKnownFileType = audio.wav; path = "HI TOM.wav"; sourceTree = "<group>"; };
		C98243BE25E02B60009F12F6 /* FAQTableViewCell.swift */ = {isa = PBXFileReference; lastKnownFileType = sourcecode.swift; path = FAQTableViewCell.swift; sourceTree = "<group>"; };
		C98243BF25E02B60009F12F6 /* FAQTableViewCell.xib */ = {isa = PBXFileReference; lastKnownFileType = file.xib; path = FAQTableViewCell.xib; sourceTree = "<group>"; };
		C98243C225E051DC009F12F6 /* FAQ.swift */ = {isa = PBXFileReference; lastKnownFileType = sourcecode.swift; path = FAQ.swift; sourceTree = "<group>"; };
		C98243C425E052CA009F12F6 /* FAQBrain.swift */ = {isa = PBXFileReference; lastKnownFileType = sourcecode.swift; path = FAQBrain.swift; sourceTree = "<group>"; };
		C98243C825E05C81009F12F6 /* FAQViewController.swift */ = {isa = PBXFileReference; lastKnownFileType = sourcecode.swift; path = FAQViewController.swift; sourceTree = "<group>"; };
		C98243CB25E15E1B009F12F6 /* pbio-bold.ttf */ = {isa = PBXFileReference; lastKnownFileType = file; path = "pbio-bold.ttf"; sourceTree = "<group>"; };
		C987FA6D25D707BF004B70DF /* SettingsViewController.swift */ = {isa = PBXFileReference; lastKnownFileType = sourcecode.swift; path = SettingsViewController.swift; sourceTree = "<group>"; };
		C98C12D62615521A00401698 /* BundleExtension.swift */ = {isa = PBXFileReference; lastKnownFileType = sourcecode.swift; path = BundleExtension.swift; sourceTree = "<group>"; };
		C9E7861E260C0D82009556A5 /* ShoutOutsTableViewCell.xib */ = {isa = PBXFileReference; lastKnownFileType = file.xib; path = ShoutOutsTableViewCell.xib; sourceTree = "<group>"; };
		C9EDD53A26018AF400AAD44A /* Coordinator.swift */ = {isa = PBXFileReference; lastKnownFileType = sourcecode.swift; path = Coordinator.swift; sourceTree = "<group>"; };
		C9EDD53F26018BD700AAD44A /* Storyboarded.swift */ = {isa = PBXFileReference; lastKnownFileType = sourcecode.swift; path = Storyboarded.swift; sourceTree = "<group>"; };
		C9EDD54726018E5900AAD44A /* MainCoordinator.swift */ = {isa = PBXFileReference; lastKnownFileType = sourcecode.swift; path = MainCoordinator.swift; sourceTree = "<group>"; };
/* End PBXFileReference section */

/* Begin PBXFrameworksBuildPhase section */
		C9516F58259E765E0060C4B8 /* Frameworks */ = {
			isa = PBXFrameworksBuildPhase;
			buildActionMask = 2147483647;
			files = (
			);
			runOnlyForDeploymentPostprocessing = 0;
		};
		C9516F6E259E766B0060C4B8 /* Frameworks */ = {
			isa = PBXFrameworksBuildPhase;
			buildActionMask = 2147483647;
			files = (
			);
			runOnlyForDeploymentPostprocessing = 0;
		};
		C9516F79259E766B0060C4B8 /* Frameworks */ = {
			isa = PBXFrameworksBuildPhase;
			buildActionMask = 2147483647;
			files = (
			);
			runOnlyForDeploymentPostprocessing = 0;
		};
/* End PBXFrameworksBuildPhase section */

/* Begin PBXGroup section */
		C9516F52259E765E0060C4B8 = {
			isa = PBXGroup;
			children = (
				C9516F5D259E765E0060C4B8 /* Detroit 909 */,
				C9516F74259E766B0060C4B8 /* Detroit 909Tests */,
				C9516F7F259E766B0060C4B8 /* Detroit 909UITests */,
				C9516F5C259E765E0060C4B8 /* Products */,
			);
			sourceTree = "<group>";
		};
		C9516F5C259E765E0060C4B8 /* Products */ = {
			isa = PBXGroup;
			children = (
				C9516F5B259E765E0060C4B8 /* Detroit 909.app */,
				C9516F71259E766B0060C4B8 /* Detroit 909Tests.xctest */,
				C9516F7C259E766B0060C4B8 /* Detroit 909UITests.xctest */,
			);
			name = Products;
			sourceTree = "<group>";
		};
		C9516F5D259E765E0060C4B8 /* Detroit 909 */ = {
			isa = PBXGroup;
			children = (
				C9EDD53926018AC700AAD44A /* Coordinators */,
				C9EDD53F26018BD700AAD44A /* Storyboarded.swift */,
				C9516F5E259E765E0060C4B8 /* AppDelegate.swift */,
				C98C12D62615521A00401698 /* BundleExtension.swift */,
				C9FCA0A625F3E19000BC063B /* Detroit 909 */,
				C9FCA0AA25F3E1D200BC063B /* Settings */,
				C9FCA0AE25F3E1FF00BC063B /* FAQ */,
				C9FCA0B925F3E24A00BC063B /* ShoutOuts */,
				C9E74F4B2672E17700B5D81D /* LaunchScreen */,
				C9516F67259E766B0060C4B8 /* Assets.xcassets */,
				C9516F6C259E766B0060C4B8 /* Info.plist */,
				C97C832125E17080006D1AAF /* Detroit 909 Sounds */,
				C98243CA25E15DAE009F12F6 /* Fonts */,
			);
			path = "Detroit 909";
			sourceTree = "<group>";
		};
		C9516F74259E766B0060C4B8 /* Detroit 909Tests */ = {
			isa = PBXGroup;
			children = (
				C9516F75259E766B0060C4B8 /* Detroit_909Tests.swift */,
				C9516F77259E766B0060C4B8 /* Info.plist */,
			);
			path = "Detroit 909Tests";
			sourceTree = "<group>";
		};
		C9516F7F259E766B0060C4B8 /* Detroit 909UITests */ = {
			isa = PBXGroup;
			children = (
				C9516F80259E766B0060C4B8 /* Detroit_909UITests.swift */,
				C9516F82259E766C0060C4B8 /* Info.plist */,
			);
			path = "Detroit 909UITests";
			sourceTree = "<group>";
		};
		C95BBAA025EBF3A900F2665D /* View */ = {
			isa = PBXGroup;
			children = (
				C95BBAA125EBF49000F2665D /* ShoutOutsTableViewCell.swift */,
				C9E7861E260C0D82009556A5 /* ShoutOutsTableViewCell.xib */,
			);
			path = View;
			sourceTree = "<group>";
		};
		C95BBAA625EC154C00F2665D /* Model */ = {
			isa = PBXGroup;
			children = (
				C98243C225E051DC009F12F6 /* FAQ.swift */,
				C98243C425E052CA009F12F6 /* FAQBrain.swift */,
			);
			path = Model;
			sourceTree = "<group>";
		};
		C95BBAA725EC1ACC00F2665D /* Model */ = {
			isa = PBXGroup;
			children = (
				C95BBAAA25EC1B3600F2665D /* ShoutOuts.swift */,
				C95BBAA825EC1B1A00F2665D /* ShoutOutsBrain.swift */,
			);
			path = Model;
			sourceTree = "<group>";
		};
		C97C832125E17080006D1AAF /* Detroit 909 Sounds */ = {
			isa = PBXGroup;
			children = (
				C97C832225E17080006D1AAF /* LOW TOM.wav */,
				C97C832325E17080006D1AAF /* RIM.wav */,
				C97C832425E17080006D1AAF /* MID TOM.wav */,
				C97C832525E17080006D1AAF /* RIDE.wav */,
				C97C832625E17080006D1AAF /* OPEN HAT.wav */,
				C97C832725E17080006D1AAF /* SNARE DRUM.wav */,
				C97C832825E17080006D1AAF /* CLAP.wav */,
				C97C832925E17080006D1AAF /* CLOSED HAT.wav */,
				C97C832A25E17080006D1AAF /* BASS DRUM.wav */,
				C97C832B25E17080006D1AAF /* CRASH.wav */,
				C97C832C25E17080006D1AAF /* HI TOM.wav */,
			);
			path = "Detroit 909 Sounds";
			sourceTree = "<group>";
		};
		C98243BB25E028E3009F12F6 /* View */ = {
			isa = PBXGroup;
			children = (
				C98243BE25E02B60009F12F6 /* FAQTableViewCell.swift */,
				C98243BF25E02B60009F12F6 /* FAQTableViewCell.xib */,
			);
			path = View;
			sourceTree = "<group>";
		};
		C98243BC25E02AF2009F12F6 /* View */ = {
			isa = PBXGroup;
			children = (
				C956FF6025DB3D9D001E273A /* SettingsTableViewCell.swift */,
				C956FF6125DB3D9D001E273A /* SettingsTableViewCell.xib */,
			);
			path = View;
			sourceTree = "<group>";
		};
		C98243BD25E02B0A009F12F6 /* Buttons */ = {
			isa = PBXGroup;
			children = (
				C91BDFCC25D095A000BB9F4C /* DrumPadButton.swift */,
			);
			path = Buttons;
			sourceTree = "<group>";
		};
		C98243CA25E15DAE009F12F6 /* Fonts */ = {
			isa = PBXGroup;
			children = (
				C98243CB25E15E1B009F12F6 /* pbio-bold.ttf */,
			);
			path = Fonts;
			sourceTree = "<group>";
		};
		C9E74F4B2672E17700B5D81D /* LaunchScreen */ = {
			isa = PBXGroup;
			children = (
				C9516F69259E766B0060C4B8 /* LaunchScreen.storyboard */,
			);
			path = LaunchScreen;
			sourceTree = "<group>";
		};
		C9E7930F25CB755C00CA80A2 /* View */ = {
			isa = PBXGroup;
			children = (
				C9516F64259E765E0060C4B8 /* Main.storyboard */,
				C98243BD25E02B0A009F12F6 /* Buttons */,
			);
			path = View;
			sourceTree = "<group>";
		};
		C9EDD53926018AC700AAD44A /* Coordinators */ = {
			isa = PBXGroup;
			children = (
				C9EDD53A26018AF400AAD44A /* Coordinator.swift */,
				C9EDD54726018E5900AAD44A /* MainCoordinator.swift */,
			);
			path = Coordinators;
			sourceTree = "<group>";
		};
		C9FCA0A625F3E19000BC063B /* Detroit 909 */ = {
			isa = PBXGroup;
			children = (
				C9FCA0C325F3E2F100BC063B /* Model */,
				C9E7930F25CB755C00CA80A2 /* View */,
				C9FCA0C725F3E31100BC063B /* Controller */,
			);
			path = "Detroit 909";
			sourceTree = "<group>";
		};
		C9FCA0AA25F3E1D200BC063B /* Settings */ = {
			isa = PBXGroup;
			children = (
				C9FCA0B525F3E22D00BC063B /* Model */,
				C98243BC25E02AF2009F12F6 /* View */,
				C9FCA0C825F3E34800BC063B /* Controller */,
			);
			path = Settings;
			sourceTree = "<group>";
		};
		C9FCA0AE25F3E1FF00BC063B /* FAQ */ = {
			isa = PBXGroup;
			children = (
				C95BBAA625EC154C00F2665D /* Model */,
				C98243BB25E028E3009F12F6 /* View */,
				C9FCA0CD25F3E3A500BC063B /* Controller */,
			);
			path = FAQ;
			sourceTree = "<group>";
		};
		C9FCA0B525F3E22D00BC063B /* Model */ = {
			isa = PBXGroup;
			children = (
				C93CA1AA25DB658C00EF2B07 /* SettingsBrain.swift */,
			);
			path = Model;
			sourceTree = "<group>";
		};
		C9FCA0B925F3E24A00BC063B /* ShoutOuts */ = {
			isa = PBXGroup;
			children = (
				C95BBAA725EC1ACC00F2665D /* Model */,
				C95BBAA025EBF3A900F2665D /* View */,
				C9FCA0C925F3E37C00BC063B /* Controller */,
			);
			path = ShoutOuts;
			sourceTree = "<group>";
		};
		C9FCA0C325F3E2F100BC063B /* Model */ = {
			isa = PBXGroup;
			children = (
				C96571BE25D2FB5700C1B0A3 /* DrumPadSound.swift */,
			);
			path = Model;
			sourceTree = "<group>";
		};
		C9FCA0C725F3E31100BC063B /* Controller */ = {
			isa = PBXGroup;
			children = (
				C9516F62259E765E0060C4B8 /* Detroit909ViewController.swift */,
			);
			path = Controller;
			sourceTree = "<group>";
		};
		C9FCA0C825F3E34800BC063B /* Controller */ = {
			isa = PBXGroup;
			children = (
				C987FA6D25D707BF004B70DF /* SettingsViewController.swift */,
			);
			path = Controller;
			sourceTree = "<group>";
		};
		C9FCA0C925F3E37C00BC063B /* Controller */ = {
			isa = PBXGroup;
			children = (
				C95BBA9E25EBED3300F2665D /* ShoutOutsViewController.swift */,
			);
			path = Controller;
			sourceTree = "<group>";
		};
		C9FCA0CD25F3E3A500BC063B /* Controller */ = {
			isa = PBXGroup;
			children = (
				C98243C825E05C81009F12F6 /* FAQViewController.swift */,
			);
			path = Controller;
			sourceTree = "<group>";
		};
/* End PBXGroup section */

/* Begin PBXNativeTarget section */
		C9516F5A259E765E0060C4B8 /* Detroit 909 */ = {
			isa = PBXNativeTarget;
			buildConfigurationList = C9516F85259E766C0060C4B8 /* Build configuration list for PBXNativeTarget "Detroit 909" */;
			buildPhases = (
				C9516F57259E765E0060C4B8 /* Sources */,
				C9516F58259E765E0060C4B8 /* Frameworks */,
				C98C12D226154F2600401698 /* Show Version on LaunchScreen */,
				C9516F59259E765E0060C4B8 /* Resources */,
			);
			buildRules = (
			);
			dependencies = (
			);
			name = "Detroit 909";
			productName = "Detroit 909";
			productReference = C9516F5B259E765E0060C4B8 /* Detroit 909.app */;
			productType = "com.apple.product-type.application";
		};
		C9516F70259E766B0060C4B8 /* Detroit 909Tests */ = {
			isa = PBXNativeTarget;
			buildConfigurationList = C9516F88259E766C0060C4B8 /* Build configuration list for PBXNativeTarget "Detroit 909Tests" */;
			buildPhases = (
				C9516F6D259E766B0060C4B8 /* Sources */,
				C9516F6E259E766B0060C4B8 /* Frameworks */,
				C9516F6F259E766B0060C4B8 /* Resources */,
			);
			buildRules = (
			);
			dependencies = (
				C9516F73259E766B0060C4B8 /* PBXTargetDependency */,
			);
			name = "Detroit 909Tests";
			productName = "Detroit 909Tests";
			productReference = C9516F71259E766B0060C4B8 /* Detroit 909Tests.xctest */;
			productType = "com.apple.product-type.bundle.unit-test";
		};
		C9516F7B259E766B0060C4B8 /* Detroit 909UITests */ = {
			isa = PBXNativeTarget;
			buildConfigurationList = C9516F8B259E766C0060C4B8 /* Build configuration list for PBXNativeTarget "Detroit 909UITests" */;
			buildPhases = (
				C9516F78259E766B0060C4B8 /* Sources */,
				C9516F79259E766B0060C4B8 /* Frameworks */,
				C9516F7A259E766B0060C4B8 /* Resources */,
			);
			buildRules = (
			);
			dependencies = (
				C9516F7E259E766B0060C4B8 /* PBXTargetDependency */,
			);
			name = "Detroit 909UITests";
			productName = "Detroit 909UITests";
			productReference = C9516F7C259E766B0060C4B8 /* Detroit 909UITests.xctest */;
			productType = "com.apple.product-type.bundle.ui-testing";
		};
/* End PBXNativeTarget section */

/* Begin PBXProject section */
		C9516F53259E765E0060C4B8 /* Project object */ = {
			isa = PBXProject;
			attributes = {
				LastSwiftUpdateCheck = 1150;
				LastUpgradeCheck = 1240;
				ORGANIZATIONNAME = "Matt Dolan External macOS";
				TargetAttributes = {
					C9516F5A259E765E0060C4B8 = {
						CreatedOnToolsVersion = 11.5;
					};
					C9516F70259E766B0060C4B8 = {
						CreatedOnToolsVersion = 11.5;
						TestTargetID = C9516F5A259E765E0060C4B8;
					};
					C9516F7B259E766B0060C4B8 = {
						CreatedOnToolsVersion = 11.5;
						TestTargetID = C9516F5A259E765E0060C4B8;
					};
				};
			};
			buildConfigurationList = C9516F56259E765E0060C4B8 /* Build configuration list for PBXProject "Detroit 909" */;
			compatibilityVersion = "Xcode 9.3";
			developmentRegion = en;
			hasScannedForEncodings = 0;
			knownRegions = (
				en,
				Base,
			);
			mainGroup = C9516F52259E765E0060C4B8;
			productRefGroup = C9516F5C259E765E0060C4B8 /* Products */;
			projectDirPath = "";
			projectRoot = "";
			targets = (
				C9516F5A259E765E0060C4B8 /* Detroit 909 */,
				C9516F70259E766B0060C4B8 /* Detroit 909Tests */,
				C9516F7B259E766B0060C4B8 /* Detroit 909UITests */,
			);
		};
/* End PBXProject section */

/* Begin PBXResourcesBuildPhase section */
		C9516F59259E765E0060C4B8 /* Resources */ = {
			isa = PBXResourcesBuildPhase;
			buildActionMask = 2147483647;
			files = (
				C9E78620260C0D82009556A5 /* ShoutOutsTableViewCell.xib in Resources */,
				C98243C125E02B60009F12F6 /* FAQTableViewCell.xib in Resources */,
				C956FF6325DB3D9D001E273A /* SettingsTableViewCell.xib in Resources */,
				C97C832D25E17081006D1AAF /* LOW TOM.wav in Resources */,
				C97C832E25E17081006D1AAF /* RIM.wav in Resources */,
				C9516F6B259E766B0060C4B8 /* LaunchScreen.storyboard in Resources */,
				C97C833725E17081006D1AAF /* HI TOM.wav in Resources */,
				C98243CC25E15E1B009F12F6 /* pbio-bold.ttf in Resources */,
				C97C833625E17081006D1AAF /* CRASH.wav in Resources */,
				C97C833125E17081006D1AAF /* OPEN HAT.wav in Resources */,
				C97C833025E17081006D1AAF /* RIDE.wav in Resources */,
				C97C833525E17081006D1AAF /* BASS DRUM.wav in Resources */,
				C9516F68259E766B0060C4B8 /* Assets.xcassets in Resources */,
				C9516F66259E765E0060C4B8 /* Main.storyboard in Resources */,
				C97C833325E17081006D1AAF /* CLAP.wav in Resources */,
				C97C833425E17081006D1AAF /* CLOSED HAT.wav in Resources */,
				C97C832F25E17081006D1AAF /* MID TOM.wav in Resources */,
				C97C833225E17081006D1AAF /* SNARE DRUM.wav in Resources */,
			);
			runOnlyForDeploymentPostprocessing = 0;
		};
		C9516F6F259E766B0060C4B8 /* Resources */ = {
			isa = PBXResourcesBuildPhase;
			buildActionMask = 2147483647;
			files = (
			);
			runOnlyForDeploymentPostprocessing = 0;
		};
		C9516F7A259E766B0060C4B8 /* Resources */ = {
			isa = PBXResourcesBuildPhase;
			buildActionMask = 2147483647;
			files = (
			);
			runOnlyForDeploymentPostprocessing = 0;
		};
/* End PBXResourcesBuildPhase section */

/* Begin PBXShellScriptBuildPhase section */
		C98C12D226154F2600401698 /* Show Version on LaunchScreen */ = {
			isa = PBXShellScriptBuildPhase;
			buildActionMask = 2147483647;
			files = (
			);
			inputFileListPaths = (
			);
			inputPaths = (
			);
			name = "Show Version on LaunchScreen";
			outputFileListPaths = (
			);
			outputPaths = (
			);
			runOnlyForDeploymentPostprocessing = 0;
			shellPath = /bin/sh;
			shellScript = "# Type a script or drag a script file from your workspace to insert its path.\n# Output version & build number to the APP_VERSION label on LaunchScreen.storyboard\nversionNumber=$(/usr/libexec/PlistBuddy -c \"Print CFBundleShortVersionString\" \"${INFOPLIST_FILE}\")\nbuildNumber=$(/usr/libexec/PlistBuddy -c \"Print CFBundleVersion\" \"${INFOPLIST_FILE}\")\n\nsed -i \"\" -e \"/userLabel=\\\"APP_VERSION\\\"/s/text=\\\"[^\\\"]*\\\"/text=\\\"Version: $versionNumber ($buildNumber)\\\"/\" \"$PROJECT_DIR/$PROJECT_NAME/LaunchScreen/Base.lproj/LaunchScreen.storyboard\"\n";
		};
/* End PBXShellScriptBuildPhase section */

/* Begin PBXSourcesBuildPhase section */
		C9516F57259E765E0060C4B8 /* Sources */ = {
			isa = PBXSourcesBuildPhase;
			buildActionMask = 2147483647;
			files = (
				C95BBAA325EBF49000F2665D /* ShoutOutsTableViewCell.swift in Sources */,
				C93CA1AB25DB658C00EF2B07 /* SettingsBrain.swift in Sources */,
				C9516F63259E765E0060C4B8 /* Detroit909ViewController.swift in Sources */,
				C98243C025E02B60009F12F6 /* FAQTableViewCell.swift in Sources */,
				C98C12D72615521A00401698 /* BundleExtension.swift in Sources */,
				C9516F5F259E765E0060C4B8 /* AppDelegate.swift in Sources */,
				C98243C525E052CA009F12F6 /* FAQBrain.swift in Sources */,
				C9EDD53B26018AF400AAD44A /* Coordinator.swift in Sources */,
				C96571BF25D2FB5700C1B0A3 /* DrumPadSound.swift in Sources */,
				C956FF6225DB3D9D001E273A /* SettingsTableViewCell.swift in Sources */,
				C91BDFCD25D095A000BB9F4C /* DrumPadButton.swift in Sources */,
				C98243C925E05C81009F12F6 /* FAQViewController.swift in Sources */,
				C9EDD54826018E5900AAD44A /* MainCoordinator.swift in Sources */,
				C98243C325E051DC009F12F6 /* FAQ.swift in Sources */,
				C95BBAAB25EC1B3600F2665D /* ShoutOuts.swift in Sources */,
				C95BBA9F25EBED3300F2665D /* ShoutOutsViewController.swift in Sources */,
				C987FA6E25D707BF004B70DF /* SettingsViewController.swift in Sources */,
				C9EDD54026018BD700AAD44A /* Storyboarded.swift in Sources */,
				C95BBAA925EC1B1A00F2665D /* ShoutOutsBrain.swift in Sources */,
			);
			runOnlyForDeploymentPostprocessing = 0;
		};
		C9516F6D259E766B0060C4B8 /* Sources */ = {
			isa = PBXSourcesBuildPhase;
			buildActionMask = 2147483647;
			files = (
				C9516F76259E766B0060C4B8 /* Detroit_909Tests.swift in Sources */,
			);
			runOnlyForDeploymentPostprocessing = 0;
		};
		C9516F78259E766B0060C4B8 /* Sources */ = {
			isa = PBXSourcesBuildPhase;
			buildActionMask = 2147483647;
			files = (
				C9516F81259E766B0060C4B8 /* Detroit_909UITests.swift in Sources */,
			);
			runOnlyForDeploymentPostprocessing = 0;
		};
/* End PBXSourcesBuildPhase section */

/* Begin PBXTargetDependency section */
		C9516F73259E766B0060C4B8 /* PBXTargetDependency */ = {
			isa = PBXTargetDependency;
			target = C9516F5A259E765E0060C4B8 /* Detroit 909 */;
			targetProxy = C9516F72259E766B0060C4B8 /* PBXContainerItemProxy */;
		};
		C9516F7E259E766B0060C4B8 /* PBXTargetDependency */ = {
			isa = PBXTargetDependency;
			target = C9516F5A259E765E0060C4B8 /* Detroit 909 */;
			targetProxy = C9516F7D259E766B0060C4B8 /* PBXContainerItemProxy */;
		};
/* End PBXTargetDependency section */

/* Begin PBXVariantGroup section */
		C9516F64259E765E0060C4B8 /* Main.storyboard */ = {
			isa = PBXVariantGroup;
			children = (
				C9516F65259E765E0060C4B8 /* Base */,
			);
			name = Main.storyboard;
			sourceTree = "<group>";
		};
		C9516F69259E766B0060C4B8 /* LaunchScreen.storyboard */ = {
			isa = PBXVariantGroup;
			children = (
				C9516F6A259E766B0060C4B8 /* Base */,
			);
			name = LaunchScreen.storyboard;
			sourceTree = "<group>";
		};
/* End PBXVariantGroup section */

/* Begin XCBuildConfiguration section */
		C9516F83259E766C0060C4B8 /* Debug */ = {
			isa = XCBuildConfiguration;
			buildSettings = {
				ALWAYS_SEARCH_USER_PATHS = NO;
				CLANG_ANALYZER_NONNULL = YES;
				CLANG_ANALYZER_NUMBER_OBJECT_CONVERSION = YES_AGGRESSIVE;
				CLANG_CXX_LANGUAGE_STANDARD = "gnu++14";
				CLANG_CXX_LIBRARY = "libc++";
				CLANG_ENABLE_MODULES = YES;
				CLANG_ENABLE_OBJC_ARC = YES;
				CLANG_ENABLE_OBJC_WEAK = YES;
				CLANG_WARN_BLOCK_CAPTURE_AUTORELEASING = YES;
				CLANG_WARN_BOOL_CONVERSION = YES;
				CLANG_WARN_COMMA = YES;
				CLANG_WARN_CONSTANT_CONVERSION = YES;
				CLANG_WARN_DEPRECATED_OBJC_IMPLEMENTATIONS = YES;
				CLANG_WARN_DIRECT_OBJC_ISA_USAGE = YES_ERROR;
				CLANG_WARN_DOCUMENTATION_COMMENTS = YES;
				CLANG_WARN_EMPTY_BODY = YES;
				CLANG_WARN_ENUM_CONVERSION = YES;
				CLANG_WARN_INFINITE_RECURSION = YES;
				CLANG_WARN_INT_CONVERSION = YES;
				CLANG_WARN_NON_LITERAL_NULL_CONVERSION = YES;
				CLANG_WARN_OBJC_IMPLICIT_RETAIN_SELF = YES;
				CLANG_WARN_OBJC_LITERAL_CONVERSION = YES;
				CLANG_WARN_OBJC_ROOT_CLASS = YES_ERROR;
				CLANG_WARN_QUOTED_INCLUDE_IN_FRAMEWORK_HEADER = YES;
				CLANG_WARN_RANGE_LOOP_ANALYSIS = YES;
				CLANG_WARN_STRICT_PROTOTYPES = YES;
				CLANG_WARN_SUSPICIOUS_MOVE = YES;
				CLANG_WARN_UNGUARDED_AVAILABILITY = YES_AGGRESSIVE;
				CLANG_WARN_UNREACHABLE_CODE = YES;
				CLANG_WARN__DUPLICATE_METHOD_MATCH = YES;
				COPY_PHASE_STRIP = NO;
				DEBUG_INFORMATION_FORMAT = dwarf;
				ENABLE_STRICT_OBJC_MSGSEND = YES;
				ENABLE_TESTABILITY = YES;
				GCC_C_LANGUAGE_STANDARD = gnu11;
				GCC_DYNAMIC_NO_PIC = NO;
				GCC_NO_COMMON_BLOCKS = YES;
				GCC_OPTIMIZATION_LEVEL = 0;
				GCC_PREPROCESSOR_DEFINITIONS = (
					"DEBUG=1",
					"$(inherited)",
				);
				GCC_WARN_64_TO_32_BIT_CONVERSION = YES;
				GCC_WARN_ABOUT_RETURN_TYPE = YES_ERROR;
				GCC_WARN_UNDECLARED_SELECTOR = YES;
				GCC_WARN_UNINITIALIZED_AUTOS = YES_AGGRESSIVE;
				GCC_WARN_UNUSED_FUNCTION = YES;
				GCC_WARN_UNUSED_VARIABLE = YES;
				IPHONEOS_DEPLOYMENT_TARGET = 13.5;
				MTL_ENABLE_DEBUG_INFO = INCLUDE_SOURCE;
				MTL_FAST_MATH = YES;
				ONLY_ACTIVE_ARCH = YES;
				SDKROOT = iphoneos;
				SWIFT_ACTIVE_COMPILATION_CONDITIONS = DEBUG;
				SWIFT_OPTIMIZATION_LEVEL = "-Onone";
			};
			name = Debug;
		};
		C9516F84259E766C0060C4B8 /* Release */ = {
			isa = XCBuildConfiguration;
			buildSettings = {
				ALWAYS_SEARCH_USER_PATHS = NO;
				CLANG_ANALYZER_NONNULL = YES;
				CLANG_ANALYZER_NUMBER_OBJECT_CONVERSION = YES_AGGRESSIVE;
				CLANG_CXX_LANGUAGE_STANDARD = "gnu++14";
				CLANG_CXX_LIBRARY = "libc++";
				CLANG_ENABLE_MODULES = YES;
				CLANG_ENABLE_OBJC_ARC = YES;
				CLANG_ENABLE_OBJC_WEAK = YES;
				CLANG_WARN_BLOCK_CAPTURE_AUTORELEASING = YES;
				CLANG_WARN_BOOL_CONVERSION = YES;
				CLANG_WARN_COMMA = YES;
				CLANG_WARN_CONSTANT_CONVERSION = YES;
				CLANG_WARN_DEPRECATED_OBJC_IMPLEMENTATIONS = YES;
				CLANG_WARN_DIRECT_OBJC_ISA_USAGE = YES_ERROR;
				CLANG_WARN_DOCUMENTATION_COMMENTS = YES;
				CLANG_WARN_EMPTY_BODY = YES;
				CLANG_WARN_ENUM_CONVERSION = YES;
				CLANG_WARN_INFINITE_RECURSION = YES;
				CLANG_WARN_INT_CONVERSION = YES;
				CLANG_WARN_NON_LITERAL_NULL_CONVERSION = YES;
				CLANG_WARN_OBJC_IMPLICIT_RETAIN_SELF = YES;
				CLANG_WARN_OBJC_LITERAL_CONVERSION = YES;
				CLANG_WARN_OBJC_ROOT_CLASS = YES_ERROR;
				CLANG_WARN_QUOTED_INCLUDE_IN_FRAMEWORK_HEADER = YES;
				CLANG_WARN_RANGE_LOOP_ANALYSIS = YES;
				CLANG_WARN_STRICT_PROTOTYPES = YES;
				CLANG_WARN_SUSPICIOUS_MOVE = YES;
				CLANG_WARN_UNGUARDED_AVAILABILITY = YES_AGGRESSIVE;
				CLANG_WARN_UNREACHABLE_CODE = YES;
				CLANG_WARN__DUPLICATE_METHOD_MATCH = YES;
				COPY_PHASE_STRIP = NO;
				DEBUG_INFORMATION_FORMAT = "dwarf-with-dsym";
				ENABLE_NS_ASSERTIONS = NO;
				ENABLE_STRICT_OBJC_MSGSEND = YES;
				GCC_C_LANGUAGE_STANDARD = gnu11;
				GCC_NO_COMMON_BLOCKS = YES;
				GCC_WARN_64_TO_32_BIT_CONVERSION = YES;
				GCC_WARN_ABOUT_RETURN_TYPE = YES_ERROR;
				GCC_WARN_UNDECLARED_SELECTOR = YES;
				GCC_WARN_UNINITIALIZED_AUTOS = YES_AGGRESSIVE;
				GCC_WARN_UNUSED_FUNCTION = YES;
				GCC_WARN_UNUSED_VARIABLE = YES;
				IPHONEOS_DEPLOYMENT_TARGET = 13.5;
				MTL_ENABLE_DEBUG_INFO = NO;
				MTL_FAST_MATH = YES;
				SDKROOT = iphoneos;
				SWIFT_COMPILATION_MODE = wholemodule;
				SWIFT_OPTIMIZATION_LEVEL = "-O";
				VALIDATE_PRODUCT = YES;
			};
			name = Release;
		};
		C9516F86259E766C0060C4B8 /* Debug */ = {
			isa = XCBuildConfiguration;
			buildSettings = {
				ASSETCATALOG_COMPILER_APPICON_NAME = AppIcon;
				CODE_SIGN_STYLE = Automatic;
				DEVELOPMENT_TEAM = 5CDGW4297F;
				INFOPLIST_FILE = "Detroit 909/Info.plist";
				IPHONEOS_DEPLOYMENT_TARGET = 13.0;
				LD_RUNPATH_SEARCH_PATHS = (
					"$(inherited)",
					"@executable_path/Frameworks",
				);
				PRODUCT_BUNDLE_IDENTIFIER = "com.matthewdolan.Detroit-909";
				PRODUCT_NAME = "$(TARGET_NAME)";
				SWIFT_VERSION = 5.0;
				TARGETED_DEVICE_FAMILY = 1;
			};
			name = Debug;
		};
		C9516F87259E766C0060C4B8 /* Release */ = {
			isa = XCBuildConfiguration;
			buildSettings = {
				ASSETCATALOG_COMPILER_APPICON_NAME = AppIcon;
				CODE_SIGN_STYLE = Automatic;
				DEVELOPMENT_TEAM = 5CDGW4297F;
				INFOPLIST_FILE = "Detroit 909/Info.plist";
				IPHONEOS_DEPLOYMENT_TARGET = 13.0;
				LD_RUNPATH_SEARCH_PATHS = (
					"$(inherited)",
					"@executable_path/Frameworks",
				);
				PRODUCT_BUNDLE_IDENTIFIER = "com.matthewdolan.Detroit-909";
				PRODUCT_NAME = "$(TARGET_NAME)";
				SWIFT_VERSION = 5.0;
				TARGETED_DEVICE_FAMILY = 1;
			};
			name = Release;
		};
		C9516F89259E766C0060C4B8 /* Debug */ = {
			isa = XCBuildConfiguration;
			buildSettings = {
				ALWAYS_EMBED_SWIFT_STANDARD_LIBRARIES = YES;
				BUNDLE_LOADER = "$(TEST_HOST)";
				CODE_SIGN_STYLE = Automatic;
				DEVELOPMENT_TEAM = 5CDGW4297F;
				INFOPLIST_FILE = "Detroit 909Tests/Info.plist";
				IPHONEOS_DEPLOYMENT_TARGET = 13.5;
				LD_RUNPATH_SEARCH_PATHS = (
					"$(inherited)",
					"@executable_path/Frameworks",
					"@loader_path/Frameworks",
				);
				PRODUCT_BUNDLE_IDENTIFIER = "com.matthewdolan.Detroit-909Tests";
				PRODUCT_NAME = "$(TARGET_NAME)";
				SWIFT_VERSION = 5.0;
				TARGETED_DEVICE_FAMILY = "1,2";
				TEST_HOST = "$(BUILT_PRODUCTS_DIR)/Detroit 909.app/Detroit 909";
			};
			name = Debug;
		};
		C9516F8A259E766C0060C4B8 /* Release */ = {
			isa = XCBuildConfiguration;
			buildSettings = {
				ALWAYS_EMBED_SWIFT_STANDARD_LIBRARIES = YES;
				BUNDLE_LOADER = "$(TEST_HOST)";
				CODE_SIGN_STYLE = Automatic;
				DEVELOPMENT_TEAM = 5CDGW4297F;
				INFOPLIST_FILE = "Detroit 909Tests/Info.plist";
				IPHONEOS_DEPLOYMENT_TARGET = 13.5;
				LD_RUNPATH_SEARCH_PATHS = (
					"$(inherited)",
					"@executable_path/Frameworks",
					"@loader_path/Frameworks",
				);
				PRODUCT_BUNDLE_IDENTIFIER = "com.matthewdolan.Detroit-909Tests";
				PRODUCT_NAME = "$(TARGET_NAME)";
				SWIFT_VERSION = 5.0;
				TARGETED_DEVICE_FAMILY = "1,2";
				TEST_HOST = "$(BUILT_PRODUCTS_DIR)/Detroit 909.app/Detroit 909";
			};
			name = Release;
		};
		C9516F8C259E766C0060C4B8 /* Debug */ = {
			isa = XCBuildConfiguration;
			buildSettings = {
				ALWAYS_EMBED_SWIFT_STANDARD_LIBRARIES = YES;
				CODE_SIGN_STYLE = Automatic;
				DEVELOPMENT_TEAM = 5CDGW4297F;
				INFOPLIST_FILE = "Detroit 909UITests/Info.plist";
				LD_RUNPATH_SEARCH_PATHS = (
					"$(inherited)",
					"@executable_path/Frameworks",
					"@loader_path/Frameworks",
				);
				PRODUCT_BUNDLE_IDENTIFIER = "com.matthewdolan.Detroit-909UITests";
				PRODUCT_NAME = "$(TARGET_NAME)";
				SWIFT_VERSION = 5.0;
				TARGETED_DEVICE_FAMILY = "1,2";
				TEST_TARGET_NAME = "Detroit 909";
			};
			name = Debug;
		};
		C9516F8D259E766C0060C4B8 /* Release */ = {
			isa = XCBuildConfiguration;
			buildSettings = {
				ALWAYS_EMBED_SWIFT_STANDARD_LIBRARIES = YES;
				CODE_SIGN_STYLE = Automatic;
				DEVELOPMENT_TEAM = 5CDGW4297F;
				INFOPLIST_FILE = "Detroit 909UITests/Info.plist";
				LD_RUNPATH_SEARCH_PATHS = (
					"$(inherited)",
					"@executable_path/Frameworks",
					"@loader_path/Frameworks",
				);
				PRODUCT_BUNDLE_IDENTIFIER = "com.matthewdolan.Detroit-909UITests";
				PRODUCT_NAME = "$(TARGET_NAME)";
				SWIFT_VERSION = 5.0;
				TARGETED_DEVICE_FAMILY = "1,2";
				TEST_TARGET_NAME = "Detroit 909";
			};
			name = Release;
		};
/* End XCBuildConfiguration section */

/* Begin XCConfigurationList section */
		C9516F56259E765E0060C4B8 /* Build configuration list for PBXProject "Detroit 909" */ = {
			isa = XCConfigurationList;
			buildConfigurations = (
				C9516F83259E766C0060C4B8 /* Debug */,
				C9516F84259E766C0060C4B8 /* Release */,
			);
			defaultConfigurationIsVisible = 0;
			defaultConfigurationName = Release;
		};
		C9516F85259E766C0060C4B8 /* Build configuration list for PBXNativeTarget "Detroit 909" */ = {
			isa = XCConfigurationList;
			buildConfigurations = (
				C9516F86259E766C0060C4B8 /* Debug */,
				C9516F87259E766C0060C4B8 /* Release */,
			);
			defaultConfigurationIsVisible = 0;
			defaultConfigurationName = Release;
		};
		C9516F88259E766C0060C4B8 /* Build configuration list for PBXNativeTarget "Detroit 909Tests" */ = {
			isa = XCConfigurationList;
			buildConfigurations = (
				C9516F89259E766C0060C4B8 /* Debug */,
				C9516F8A259E766C0060C4B8 /* Release */,
			);
			defaultConfigurationIsVisible = 0;
			defaultConfigurationName = Release;
		};
		C9516F8B259E766C0060C4B8 /* Build configuration list for PBXNativeTarget "Detroit 909UITests" */ = {
			isa = XCConfigurationList;
			buildConfigurations = (
				C9516F8C259E766C0060C4B8 /* Debug */,
				C9516F8D259E766C0060C4B8 /* Release */,
			);
			defaultConfigurationIsVisible = 0;
			defaultConfigurationName = Release;
		};
/* End XCConfigurationList section */
	};
	rootObject = C9516F53259E765E0060C4B8 /* Project object */;
}
